
Microsoft Visual Studio Solution File, Format Version 12.00
# Visual Studio Version 17
VisualStudioVersion = 17.10.34928.147
MinimumVisualStudioVersion = 10.0.40219.1
Project("{FAE04EC0-301F-11D3-BF4B-00C04F79EFBC}") = "ExpenseTracker", "ExpenseTracker\ExpenseTracker.csproj", "{56A2347A-2E62-47AA-91DB-2619C6547718}"
EndProject
Global
	GlobalSection(SolutionConfigurationPlatforms) = preSolution
		Debug|Any CPU = Debug|Any CPU
		Release|Any CPU = Release|Any CPU
	EndGlobalSection
	GlobalSection(ProjectConfigurationPlatforms) = postSolution
		{56A2347A-2E62-47AA-91DB-2619C6547718}.Debug|Any CPU.ActiveCfg = Debug|Any CPU
		{56A2347A-2E62-47AA-91DB-2619C6547718}.Debug|Any CPU.Build.0 = Debug|Any CPU
		{56A2347A-2E62-47AA-91DB-2619C6547718}.Release|Any CPU.ActiveCfg = Release|Any CPU
		{56A2347A-2E62-47AA-91DB-2619C6547718}.Release|Any CPU.Build.0 = Release|Any CPU
	EndGlobalSection
	GlobalSection(SolutionProperties) = preSolution
		HideSolutionNode = FALSE
	EndGlobalSection
	GlobalSection(ExtensibilityGlobals) = postSolution
		SolutionGuid = {C4A78BF6-213C-43ED-B19C-9C010012BFFA}
	EndGlobalSection
EndGlobal
