
Microsoft Visual Studio Solution File, Format Version 12.00
# Visual Studio Version 17
VisualStudioVersion = 17.10.34928.147
MinimumVisualStudioVersion = 10.0.40219.1
Project("{FAE04EC0-301F-11D3-BF4B-00C04F79EFBC}") = "introAPI", "introAPI\introAPI.csproj", "{30FA4679-80F0-4BA5-A5A9-FBD3D15539BD}"
EndProject
Global
	GlobalSection(SolutionConfigurationPlatforms) = preSolution
		Debug|Any CPU = Debug|Any CPU
		Release|Any CPU = Release|Any CPU
	EndGlobalSection
	GlobalSection(ProjectConfigurationPlatforms) = postSolution
		{30FA4679-80F0-4BA5-A5A9-FBD3D15539BD}.Debug|Any CPU.ActiveCfg = Debug|Any CPU
		{30FA4679-80F0-4BA5-A5A9-FBD3D15539BD}.Debug|Any CPU.Build.0 = Debug|Any CPU
		{30FA4679-80F0-4BA5-A5A9-FBD3D15539BD}.Release|Any CPU.ActiveCfg = Release|Any CPU
		{30FA4679-80F0-4BA5-A5A9-FBD3D15539BD}.Release|Any CPU.Build.0 = Release|Any CPU
	EndGlobalSection
	GlobalSection(SolutionProperties) = preSolution
		HideSolutionNode = FALSE
	EndGlobalSection
	GlobalSection(ExtensibilityGlobals) = postSolution
		SolutionGuid = {9B65758B-BF7E-46E3-8B8E-36CABCBDE540}
	EndGlobalSection
EndGlobal
