
Microsoft Visual Studio Solution File, Format Version 12.00
# Visual Studio Version 17
VisualStudioVersion = 17.10.34928.147
MinimumVisualStudioVersion = 10.0.40219.1
Project("{FAE04EC0-301F-11D3-BF4B-00C04F79EFBC}") = "TrierApp", "TrierApp\TrierApp.csproj", "{375BD997-ED62-49EE-A1BE-68B4C3464AA2}"
EndProject
Project("{FAE04EC0-301F-11D3-BF4B-00C04F79EFBC}") = "BLL", "BLL\BLL.csproj", "{C053AFE2-272D-45FE-809C-86A01F8DEFDB}"
EndProject
Project("{FAE04EC0-301F-11D3-BF4B-00C04F79EFBC}") = "DAL", "DAL\DAL.csproj", "{22E88109-4FE7-47D8-BAB6-31BF9D30C959}"
EndProject
Global
	GlobalSection(SolutionConfigurationPlatforms) = preSolution
		Debug|Any CPU = Debug|Any CPU
		Release|Any CPU = Release|Any CPU
	EndGlobalSection
	GlobalSection(ProjectConfigurationPlatforms) = postSolution
		{375BD997-ED62-49EE-A1BE-68B4C3464AA2}.Debug|Any CPU.ActiveCfg = Debug|Any CPU
		{375BD997-ED62-49EE-A1BE-68B4C3464AA2}.Debug|Any CPU.Build.0 = Debug|Any CPU
		{375BD997-ED62-49EE-A1BE-68B4C3464AA2}.Release|Any CPU.ActiveCfg = Release|Any CPU
		{375BD997-ED62-49EE-A1BE-68B4C3464AA2}.Release|Any CPU.Build.0 = Release|Any CPU
		{C053AFE2-272D-45FE-809C-86A01F8DEFDB}.Debug|Any CPU.ActiveCfg = Debug|Any CPU
		{C053AFE2-272D-45FE-809C-86A01F8DEFDB}.Debug|Any CPU.Build.0 = Debug|Any CPU
		{C053AFE2-272D-45FE-809C-86A01F8DEFDB}.Release|Any CPU.ActiveCfg = Release|Any CPU
		{C053AFE2-272D-45FE-809C-86A01F8DEFDB}.Release|Any CPU.Build.0 = Release|Any CPU
		{22E88109-4FE7-47D8-BAB6-31BF9D30C959}.Debug|Any CPU.ActiveCfg = Debug|Any CPU
		{22E88109-4FE7-47D8-BAB6-31BF9D30C959}.Debug|Any CPU.Build.0 = Debug|Any CPU
		{22E88109-4FE7-47D8-BAB6-31BF9D30C959}.Release|Any CPU.ActiveCfg = Release|Any CPU
		{22E88109-4FE7-47D8-BAB6-31BF9D30C959}.Release|Any CPU.Build.0 = Release|Any CPU
	EndGlobalSection
	GlobalSection(SolutionProperties) = preSolution
		HideSolutionNode = FALSE
	EndGlobalSection
	GlobalSection(ExtensibilityGlobals) = postSolution
		SolutionGuid = {A03F21D0-2AC7-4FCD-94B9-44C7F1601B00}
	EndGlobalSection
EndGlobal
